
Microsoft Visual Studio Solution File, Format Version 12.00
# Visual Studio Version 17
VisualStudioVersion = 17.0.31919.166
MinimumVisualStudioVersion = 10.0.40219.1
Project("{FAE04EC0-301F-11D3-BF4B-00C04F79EFBC}") = "GameSkeet_PostBuild", "GameSkeet_PostBuild.csproj", "{33F9BA4E-37B8-4700-B7A4-35BD73E99CD1}"
EndProject
Global
	GlobalSection(SolutionConfigurationPlatforms) = preSolution
		Debug|Any CPU = Debug|Any CPU
		Release|Any CPU = Release|Any CPU
	EndGlobalSection
	GlobalSection(ProjectConfigurationPlatforms) = postSolution
		{33F9BA4E-37B8-4700-B7A4-35BD73E99CD1}.Debug|Any CPU.ActiveCfg = Debug|Any CPU
		{33F9BA4E-37B8-4700-B7A4-35BD73E99CD1}.Debug|Any CPU.Build.0 = Debug|Any CPU
		{33F9BA4E-37B8-4700-B7A4-35BD73E99CD1}.Release|Any CPU.ActiveCfg = Release|Any CPU
		{33F9BA4E-37B8-4700-B7A4-35BD73E99CD1}.Release|Any CPU.Build.0 = Release|Any CPU
	EndGlobalSection
	GlobalSection(SolutionProperties) = preSolution
		HideSolutionNode = FALSE
	EndGlobalSection
	GlobalSection(ExtensibilityGlobals) = postSolution
		SolutionGuid = {CE1165CE-F35E-4F1B-A7DA-7D8CDDEDBE37}
	EndGlobalSection
EndGlobal
